{
  "version": "5",
  "specifiers": {
    "jsr:@std/assert@1": "1.0.19",
    "jsr:@std/encoding@1": "1.0.11",
    "jsr:@std/internal@^1.0.12": "1.0.14",
    "jsr:@std/yaml@*": "1.1.2",
    "npm:@noble/ciphers@2": "2.2.0",
    "npm:@noble/curves@*": "2.0.1",
    "npm:@noble/curves@2": "2.0.1",
    "npm:@noble/hashes@2": "2.0.1",
    "npm:age-encryption@*": "0.3.0",
    "npm:age-encryption@0.3": "0.3.0",
    "npm:jose@*": "6.2.3",
    "npm:jose@6": "6.2.3"
  },
  "jsr": {
    "@std/assert@1.0.19": {
      "integrity": "eaada96ee120cb980bc47e040f82814d786fe8162ecc53c91d8df60b8755991e",
      "dependencies": [
        "jsr:@std/internal"
      ]
    },
    "@std/encoding@1.0.11": {
      "integrity": "e7cef2f0b3153bccc17431e7c864a1de03a4b6d9647389c43e08aaa775d37385"
    },
    "@std/internal@1.0.14": {
      "integrity": "291516b3d4c35024d6ffbc0a9df5bf4c64116e05b50012cf846710152d2ffdf7"
    },
    "@std/yaml@1.1.2": {
      "integrity": "de612653c036749ba2044165e316f52412b0f0698afffb7ee80b5331d6d2abae"
    }
  },
  "npm": {
    "@noble/ciphers@2.2.0": {
      "integrity": "sha512-Z6pjIZ/8IJcCGzb2S/0Px5J81yij85xASuk1teLNeg75bfT07MV3a/O2Mtn1I2se43k3lkVEcFaR10N4cgQcZA=="
    },
    "@noble/curves@2.0.1": {
      "integrity": "sha512-vs1Az2OOTBiP4q0pwjW5aF0xp9n4MxVrmkFBxc6EKZc6ddYx5gaZiAsZoq0uRRXWbi3AT/sBqn05eRPtn1JCPw==",
      "dependencies": [
        "@noble/hashes"
      ]
    },
    "@noble/hashes@2.0.1": {
      "integrity": "sha512-XlOlEbQcE9fmuXxrVTXCTlG2nlRXa9Rj3rr5Ue/+tX+nmkgbX720YHh0VR3hBF9xDvwnb8D2shVGOwNx+ulArw=="
    },
    "@noble/post-quantum@0.5.4": {
      "integrity": "sha512-leww0zzIirrvwaYMPI9fj6aRIlA/c6Y0/lifQQ1YOOyHEr0MNH3yYpjXeiVG+tWdPps4XxGclFWX2INPO3Yo5w==",
      "dependencies": [
        "@noble/curves",
        "@noble/hashes"
      ]
    },
    "@scure/base@2.2.0": {
      "integrity": "sha512-b8XEupJibegiXV+tDUseI8oLQc8ei3d/4Jkb2RpbHh3MfE054ov3uIz2dhFkB3FI8iwYkEh0gGCApkrYggkPNg=="
    },
    "age-encryption@0.3.0": {
      "integrity": "sha512-vDhGGp5ZXpbKL6oc3FEBjGhyepr/0SwIWmia6CcPXvYcxGBSQNcDdMv9m2yVOkjjYuJEmtGEhOojIUcjrj0cEw==",
      "dependencies": [
        "@noble/ciphers",
        "@noble/curves",
        "@noble/hashes",
        "@noble/post-quantum",
        "@scure/base"
      ]
    },
    "jose@6.2.3": {
      "integrity": "sha512-YYVDInQKFJfR/xa3ojUTl8c2KoTwiL1R5Wg9YCydwH0x0B9grbzlg5HC7mMjCtUJjbQ/YnGEZIhI5tCgfTb4Hw=="
    }
  },
  "workspace": {
    "dependencies": [
      "jsr:@std/assert@1",
      "jsr:@std/encoding@1",
      "npm:@noble/ciphers@2",
      "npm:@noble/curves@2",
      "npm:@noble/hashes@2",
      "npm:age-encryption@0.3",
      "npm:jose@6"
    ]
  }
}
